
Microsoft Visual Studio Solution File, Format Version 12.00
# Visual Studio Version 16
VisualStudioVersion = 16.0.29905.134
MinimumVisualStudioVersion = 10.0.40219.1
Project("{FAE04EC0-301F-11D3-BF4B-00C04F79EFBC}") = "NamedPipeServer", "NamedPipeServer\NamedPipeServer.csproj", "{4E780E7E-70EA-4BB2-B15D-DD8E65B7D97D}"
EndProject
Project("{FAE04EC0-301F-11D3-BF4B-00C04F79EFBC}") = "NamedPipeClient", "NamedPipeClient\NamedPipeClient.csproj", "{BBA2D8A7-3A80-44F6-A072-D8FAFF2B6FFA}"
EndProject
Project("{2150E333-8FDC-42A3-9474-1A3956D46DE8}") = "Solution Items", "Solution Items", "{F8591B41-CBB9-45FD-B6F8-5D1A07124F8E}"
	ProjectSection(SolutionItems) = preProject
		README.md = README.md
	EndProjectSection
EndProject
Project("{FAE04EC0-301F-11D3-BF4B-00C04F79EFBC}") = "NamedPipeShared", "NamedPipeShared\NamedPipeShared.csproj", "{305E6D32-9129-4786-A848-47DD3B0FEBDB}"
EndProject
Global
	GlobalSection(SolutionConfigurationPlatforms) = preSolution
		Debug|Any CPU = Debug|Any CPU
		Release|Any CPU = Release|Any CPU
	EndGlobalSection
	GlobalSection(ProjectConfigurationPlatforms) = postSolution
		{4E780E7E-70EA-4BB2-B15D-DD8E65B7D97D}.Debug|Any CPU.ActiveCfg = Debug|Any CPU
		{4E780E7E-70EA-4BB2-B15D-DD8E65B7D97D}.Debug|Any CPU.Build.0 = Debug|Any CPU
		{4E780E7E-70EA-4BB2-B15D-DD8E65B7D97D}.Release|Any CPU.ActiveCfg = Release|Any CPU
		{4E780E7E-70EA-4BB2-B15D-DD8E65B7D97D}.Release|Any CPU.Build.0 = Release|Any CPU
		{BBA2D8A7-3A80-44F6-A072-D8FAFF2B6FFA}.Debug|Any CPU.ActiveCfg = Debug|Any CPU
		{BBA2D8A7-3A80-44F6-A072-D8FAFF2B6FFA}.Debug|Any CPU.Build.0 = Debug|Any CPU
		{BBA2D8A7-3A80-44F6-A072-D8FAFF2B6FFA}.Release|Any CPU.ActiveCfg = Release|Any CPU
		{BBA2D8A7-3A80-44F6-A072-D8FAFF2B6FFA}.Release|Any CPU.Build.0 = Release|Any CPU
		{305E6D32-9129-4786-A848-47DD3B0FEBDB}.Debug|Any CPU.ActiveCfg = Debug|Any CPU
		{305E6D32-9129-4786-A848-47DD3B0FEBDB}.Debug|Any CPU.Build.0 = Debug|Any CPU
		{305E6D32-9129-4786-A848-47DD3B0FEBDB}.Release|Any CPU.ActiveCfg = Release|Any CPU
		{305E6D32-9129-4786-A848-47DD3B0FEBDB}.Release|Any CPU.Build.0 = Release|Any CPU
	EndGlobalSection
	GlobalSection(SolutionProperties) = preSolution
		HideSolutionNode = FALSE
	EndGlobalSection
	GlobalSection(ExtensibilityGlobals) = postSolution
		SolutionGuid = {2A80AEEA-B043-4772-9AC1-C1F79270305C}
	EndGlobalSection
EndGlobal
